{
  "nodes": {
    "agenix": {
      "inputs": {
        "darwin": "darwin",
        "home-manager": "home-manager",
        "nixpkgs": "nixpkgs",
        "systems": "systems"
      },
      "locked": {
        "lastModified": 1770165109,
        "narHash": "sha256-9VnK6Oqai65puVJ4WYtCTvlJeXxMzAp/69HhQuTdl/I=",
        "owner": "ryantm",
        "repo": "agenix",
        "rev": "b027ee29d959fda4b60b57566d64c98a202e0feb",
        "type": "github"
      },
      "original": {
        "owner": "ryantm",
        "repo": "agenix",
        "type": "github"
      }
    },
    "darwin": {
      "inputs": {
        "nixpkgs": [
          "agenix",
          "nixpkgs"
        ]
      },
      "locked": {
        "lastModified": 1744478979,
        "narHash": "sha256-dyN+teG9G82G+m+PX/aSAagkC+vUv0SgUw3XkPhQodQ=",
        "owner": "lnl7",
        "repo": "nix-darwin",
        "rev": "43975d782b418ebf4969e9ccba82466728c2851b",
        "type": "github"
      },
      "original": {
        "owner": "lnl7",
        "ref": "master",
        "repo": "nix-darwin",
        "type": "github"
      }
    },
    "flake-parts": {
      "inputs": {
        "nixpkgs-lib": "nixpkgs-lib"
      },
      "locked": {
        "lastModified": 1775087534,
        "narHash": "sha256-91qqW8lhL7TLwgQWijoGBbiD4t7/q75KTi8NxjVmSmA=",
        "owner": "hercules-ci",
        "repo": "flake-parts",
        "rev": "3107b77cd68437b9a76194f0f7f9c55f2329ca5b",
        "type": "github"
      },
      "original": {
        "owner": "hercules-ci",
        "repo": "flake-parts",
        "type": "github"
      }
    },
    "home-manager": {
      "inputs": {
        "nixpkgs": [
          "agenix",
          "nixpkgs"
        ]
      },
      "locked": {
        "lastModified": 1745494811,
        "narHash": "sha256-YZCh2o9Ua1n9uCvrvi5pRxtuVNml8X2a03qIFfRKpFs=",
        "owner": "nix-community",
        "repo": "home-manager",
        "rev": "abfad3d2958c9e6300a883bd443512c55dfeb1be",
        "type": "github"
      },
      "original": {
        "owner": "nix-community",
        "repo": "home-manager",
        "type": "github"
      }
    },
    "nixpkgs": {
      "locked": {
        "lastModified": 1754028485,
        "narHash": "sha256-IiiXB3BDTi6UqzAZcf2S797hWEPCRZOwyNThJIYhUfk=",
        "owner": "NixOS",
        "repo": "nixpkgs",
        "rev": "59e69648d345d6e8fef86158c555730fa12af9de",
        "type": "github"
      },
      "original": {
        "owner": "NixOS",
        "ref": "nixos-25.05",
        "repo": "nixpkgs",
        "type": "github"
      }
    },
    "nixpkgs-lib": {
      "locked": {
        "lastModified": 1774748309,
        "narHash": "sha256-+U7gF3qxzwD5TZuANzZPeJTZRHS29OFQgkQ2kiTJBIQ=",
        "owner": "nix-community",
        "repo": "nixpkgs.lib",
        "rev": "333c4e0545a6da976206c74db8773a1645b5870a",
        "type": "github"
      },
      "original": {
        "owner": "nix-community",
        "repo": "nixpkgs.lib",
        "type": "github"
      }
    },
    "nixpkgs_2": {
      "locked": {
        "lastModified": 1735563628,
        "narHash": "sha256-OnSAY7XDSx7CtDoqNh8jwVwh4xNL/2HaJxGjryLWzX8=",
        "owner": "NixOS",
        "repo": "nixpkgs",
        "rev": "b134951a4c9f3c995fd7be05f3243f8ecd65d798",
        "type": "github"
      },
      "original": {
        "owner": "NixOS",
        "ref": "nixos-24.05",
        "repo": "nixpkgs",
        "type": "github"
      }
    },
    "reflex-platform": {
      "flake": false,
      "locked": {
        "lastModified": 1765987711,
        "narHash": "sha256-rBUekztvGKGMCwebHGN1duaKrp/5uxICnoYaBZDC4Kc=",
        "owner": "reflex-frp",
        "repo": "reflex-platform",
        "rev": "a2c3455a210b3069f448a694bbd2780407d8692b",
        "type": "github"
      },
      "original": {
        "owner": "reflex-frp",
        "repo": "reflex-platform",
        "type": "github"
      }
    },
    "root": {
      "inputs": {
        "agenix": "agenix",
        "flake-parts": "flake-parts",
        "nixpkgs": "nixpkgs_2",
        "reflex-platform": "reflex-platform"
      }
    },
    "systems": {
      "locked": {
        "lastModified": 1681028828,
        "narHash": "sha256-Vy1rq5AaRuLzOxct8nz4T6wlgyUR7zLU309k9mBC768=",
        "owner": "nix-systems",
        "repo": "default",
        "rev": "da67096a3b9bf56a91d16901293e51ba5b49a27e",
        "type": "github"
      },
      "original": {
        "owner": "nix-systems",
        "repo": "default",
        "type": "github"
      }
    }
  },
  "root": "root",
  "version": 7
}
